
Microsoft Visual Studio Solution File, Format Version 12.00
# Visual Studio Version 17
VisualStudioVersion = 17.4.33403.182
MinimumVisualStudioVersion = 10.0.40219.1
Project("{8BC9CEB8-8B4A-11D0-8D11-00A0C91BC942}") = "OOJ_2006", "OOJ_2006\OOJ_2006.vcxproj", "{E556BF1C-6376-4F19-9420-CB4F36C5FD60}"
EndProject
Global
	GlobalSection(SolutionConfigurationPlatforms) = preSolution
		Debug|x64 = Debug|x64
		Debug|x86 = Debug|x86
		Release|x64 = Release|x64
		Release|x86 = Release|x86
	EndGlobalSection
	GlobalSection(ProjectConfigurationPlatforms) = postSolution
		{E556BF1C-6376-4F19-9420-CB4F36C5FD60}.Debug|x64.ActiveCfg = Debug|x64
		{E556BF1C-6376-4F19-9420-CB4F36C5FD60}.Debug|x64.Build.0 = Debug|x64
		{E556BF1C-6376-4F19-9420-CB4F36C5FD60}.Debug|x86.ActiveCfg = Debug|Win32
		{E556BF1C-6376-4F19-9420-CB4F36C5FD60}.Debug|x86.Build.0 = Debug|Win32
		{E556BF1C-6376-4F19-9420-CB4F36C5FD60}.Release|x64.ActiveCfg = Release|x64
		{E556BF1C-6376-4F19-9420-CB4F36C5FD60}.Release|x64.Build.0 = Release|x64
		{E556BF1C-6376-4F19-9420-CB4F36C5FD60}.Release|x86.ActiveCfg = Release|Win32
		{E556BF1C-6376-4F19-9420-CB4F36C5FD60}.Release|x86.Build.0 = Release|Win32
	EndGlobalSection
	GlobalSection(SolutionProperties) = preSolution
		HideSolutionNode = FALSE
	EndGlobalSection
	GlobalSection(ExtensibilityGlobals) = postSolution
		SolutionGuid = {EB39780D-B5E1-4FDC-AB1A-AA51649EB4BD}
	EndGlobalSection
EndGlobal
