
Microsoft Visual Studio Solution File, Format Version 12.00
# Visual Studio Version 17
VisualStudioVersion = 17.4.33213.308
MinimumVisualStudioVersion = 10.0.40219.1
Project("{8BC9CEB8-8B4A-11D0-8D11-00A0C91BC942}") = "ex13-1", "ex13-1\ex13-1.vcxproj", "{F8C2ED61-AFC2-404F-967F-17B7C48A313B}"
EndProject
Global
	GlobalSection(SolutionConfigurationPlatforms) = preSolution
		Debug|x64 = Debug|x64
		Debug|x86 = Debug|x86
		Release|x64 = Release|x64
		Release|x86 = Release|x86
	EndGlobalSection
	GlobalSection(ProjectConfigurationPlatforms) = postSolution
		{F8C2ED61-AFC2-404F-967F-17B7C48A313B}.Debug|x64.ActiveCfg = Debug|x64
		{F8C2ED61-AFC2-404F-967F-17B7C48A313B}.Debug|x64.Build.0 = Debug|x64
		{F8C2ED61-AFC2-404F-967F-17B7C48A313B}.Debug|x86.ActiveCfg = Debug|Win32
		{F8C2ED61-AFC2-404F-967F-17B7C48A313B}.Debug|x86.Build.0 = Debug|Win32
		{F8C2ED61-AFC2-404F-967F-17B7C48A313B}.Release|x64.ActiveCfg = Release|x64
		{F8C2ED61-AFC2-404F-967F-17B7C48A313B}.Release|x64.Build.0 = Release|x64
		{F8C2ED61-AFC2-404F-967F-17B7C48A313B}.Release|x86.ActiveCfg = Release|Win32
		{F8C2ED61-AFC2-404F-967F-17B7C48A313B}.Release|x86.Build.0 = Release|Win32
	EndGlobalSection
	GlobalSection(SolutionProperties) = preSolution
		HideSolutionNode = FALSE
	EndGlobalSection
	GlobalSection(ExtensibilityGlobals) = postSolution
		SolutionGuid = {88D262C7-1C0E-40F5-8B20-90AE1A85B94D}
	EndGlobalSection
EndGlobal
