
Microsoft Visual Studio Solution File, Format Version 12.00
# Visual Studio Version 17
VisualStudioVersion = 17.4.33213.308
MinimumVisualStudioVersion = 10.0.40219.1
Project("{8BC9CEB8-8B4A-11D0-8D11-00A0C91BC942}") = "OOJ_2037", "OOJ_2037\OOJ_2037.vcxproj", "{BF2D98EE-F6B4-4C82-9CC1-E40EB8268773}"
EndProject
Global
	GlobalSection(SolutionConfigurationPlatforms) = preSolution
		Debug|x64 = Debug|x64
		Debug|x86 = Debug|x86
		Release|x64 = Release|x64
		Release|x86 = Release|x86
	EndGlobalSection
	GlobalSection(ProjectConfigurationPlatforms) = postSolution
		{BF2D98EE-F6B4-4C82-9CC1-E40EB8268773}.Debug|x64.ActiveCfg = Debug|x64
		{BF2D98EE-F6B4-4C82-9CC1-E40EB8268773}.Debug|x64.Build.0 = Debug|x64
		{BF2D98EE-F6B4-4C82-9CC1-E40EB8268773}.Debug|x86.ActiveCfg = Debug|Win32
		{BF2D98EE-F6B4-4C82-9CC1-E40EB8268773}.Debug|x86.Build.0 = Debug|Win32
		{BF2D98EE-F6B4-4C82-9CC1-E40EB8268773}.Release|x64.ActiveCfg = Release|x64
		{BF2D98EE-F6B4-4C82-9CC1-E40EB8268773}.Release|x64.Build.0 = Release|x64
		{BF2D98EE-F6B4-4C82-9CC1-E40EB8268773}.Release|x86.ActiveCfg = Release|Win32
		{BF2D98EE-F6B4-4C82-9CC1-E40EB8268773}.Release|x86.Build.0 = Release|Win32
	EndGlobalSection
	GlobalSection(SolutionProperties) = preSolution
		HideSolutionNode = FALSE
	EndGlobalSection
	GlobalSection(ExtensibilityGlobals) = postSolution
		SolutionGuid = {A410D29D-EA8D-42F5-BE75-8F244246E5A6}
	EndGlobalSection
EndGlobal
