
Microsoft Visual Studio Solution File, Format Version 12.00
# Visual Studio Version 17
VisualStudioVersion = 17.4.33213.308
MinimumVisualStudioVersion = 10.0.40219.1
Project("{8BC9CEB8-8B4A-11D0-8D11-00A0C91BC942}") = "OOJ_2068", "OOJ_2068\OOJ_2068.vcxproj", "{63F4D25D-012A-428E-8A8B-2825C5FFE47C}"
EndProject
Global
	GlobalSection(SolutionConfigurationPlatforms) = preSolution
		Debug|x64 = Debug|x64
		Debug|x86 = Debug|x86
		Release|x64 = Release|x64
		Release|x86 = Release|x86
	EndGlobalSection
	GlobalSection(ProjectConfigurationPlatforms) = postSolution
		{63F4D25D-012A-428E-8A8B-2825C5FFE47C}.Debug|x64.ActiveCfg = Debug|x64
		{63F4D25D-012A-428E-8A8B-2825C5FFE47C}.Debug|x64.Build.0 = Debug|x64
		{63F4D25D-012A-428E-8A8B-2825C5FFE47C}.Debug|x86.ActiveCfg = Debug|Win32
		{63F4D25D-012A-428E-8A8B-2825C5FFE47C}.Debug|x86.Build.0 = Debug|Win32
		{63F4D25D-012A-428E-8A8B-2825C5FFE47C}.Release|x64.ActiveCfg = Release|x64
		{63F4D25D-012A-428E-8A8B-2825C5FFE47C}.Release|x64.Build.0 = Release|x64
		{63F4D25D-012A-428E-8A8B-2825C5FFE47C}.Release|x86.ActiveCfg = Release|Win32
		{63F4D25D-012A-428E-8A8B-2825C5FFE47C}.Release|x86.Build.0 = Release|Win32
	EndGlobalSection
	GlobalSection(SolutionProperties) = preSolution
		HideSolutionNode = FALSE
	EndGlobalSection
	GlobalSection(ExtensibilityGlobals) = postSolution
		SolutionGuid = {E533C9F6-E24B-4AE3-90D0-F54390A15C5C}
	EndGlobalSection
EndGlobal
