
Microsoft Visual Studio Solution File, Format Version 12.00
# Visual Studio Version 17
VisualStudioVersion = 17.4.33403.182
MinimumVisualStudioVersion = 10.0.40219.1
Project("{8BC9CEB8-8B4A-11D0-8D11-00A0C91BC942}") = "OOJ_3004", "OOJ_3004\OOJ_3004.vcxproj", "{603A7482-0CAF-4633-A2ED-2750DD3DF37E}"
EndProject
Global
	GlobalSection(SolutionConfigurationPlatforms) = preSolution
		Debug|x64 = Debug|x64
		Debug|x86 = Debug|x86
		Release|x64 = Release|x64
		Release|x86 = Release|x86
	EndGlobalSection
	GlobalSection(ProjectConfigurationPlatforms) = postSolution
		{603A7482-0CAF-4633-A2ED-2750DD3DF37E}.Debug|x64.ActiveCfg = Debug|x64
		{603A7482-0CAF-4633-A2ED-2750DD3DF37E}.Debug|x64.Build.0 = Debug|x64
		{603A7482-0CAF-4633-A2ED-2750DD3DF37E}.Debug|x86.ActiveCfg = Debug|Win32
		{603A7482-0CAF-4633-A2ED-2750DD3DF37E}.Debug|x86.Build.0 = Debug|Win32
		{603A7482-0CAF-4633-A2ED-2750DD3DF37E}.Release|x64.ActiveCfg = Release|x64
		{603A7482-0CAF-4633-A2ED-2750DD3DF37E}.Release|x64.Build.0 = Release|x64
		{603A7482-0CAF-4633-A2ED-2750DD3DF37E}.Release|x86.ActiveCfg = Release|Win32
		{603A7482-0CAF-4633-A2ED-2750DD3DF37E}.Release|x86.Build.0 = Release|Win32
	EndGlobalSection
	GlobalSection(SolutionProperties) = preSolution
		HideSolutionNode = FALSE
	EndGlobalSection
	GlobalSection(ExtensibilityGlobals) = postSolution
		SolutionGuid = {013DB71D-85D1-4AA0-B839-CC6BB66BEB6C}
	EndGlobalSection
EndGlobal
