
Microsoft Visual Studio Solution File, Format Version 12.00
# Visual Studio Version 17
VisualStudioVersion = 17.4.33403.182
MinimumVisualStudioVersion = 10.0.40219.1
Project("{8BC9CEB8-8B4A-11D0-8D11-00A0C91BC942}") = "ex28-1", "ex28-1\ex28-1.vcxproj", "{9FA78598-A502-4BC0-8BE8-FCCE1AC5B768}"
EndProject
Global
	GlobalSection(SolutionConfigurationPlatforms) = preSolution
		Debug|x64 = Debug|x64
		Debug|x86 = Debug|x86
		Release|x64 = Release|x64
		Release|x86 = Release|x86
	EndGlobalSection
	GlobalSection(ProjectConfigurationPlatforms) = postSolution
		{9FA78598-A502-4BC0-8BE8-FCCE1AC5B768}.Debug|x64.ActiveCfg = Debug|x64
		{9FA78598-A502-4BC0-8BE8-FCCE1AC5B768}.Debug|x64.Build.0 = Debug|x64
		{9FA78598-A502-4BC0-8BE8-FCCE1AC5B768}.Debug|x86.ActiveCfg = Debug|Win32
		{9FA78598-A502-4BC0-8BE8-FCCE1AC5B768}.Debug|x86.Build.0 = Debug|Win32
		{9FA78598-A502-4BC0-8BE8-FCCE1AC5B768}.Release|x64.ActiveCfg = Release|x64
		{9FA78598-A502-4BC0-8BE8-FCCE1AC5B768}.Release|x64.Build.0 = Release|x64
		{9FA78598-A502-4BC0-8BE8-FCCE1AC5B768}.Release|x86.ActiveCfg = Release|Win32
		{9FA78598-A502-4BC0-8BE8-FCCE1AC5B768}.Release|x86.Build.0 = Release|Win32
	EndGlobalSection
	GlobalSection(SolutionProperties) = preSolution
		HideSolutionNode = FALSE
	EndGlobalSection
	GlobalSection(ExtensibilityGlobals) = postSolution
		SolutionGuid = {A68390D0-B50C-40BC-8831-A6C2DE256587}
	EndGlobalSection
EndGlobal
